// !$*UTF8*$!
{
	archiveVersion = 1;
	classes = {
	};
	objectVersion = 46;
	objects = {

/* Begin PBXBuildFile section */
		148A307F691CE2547AFE7C46 /* Pods_BidmadSDKTest.framework in Frameworks */ = {isa = PBXBuildFile; fileRef = CD79908517C0A4FDFC190860 /* Pods_BidmadSDKTest.framework */; };
		261FF6FA269EB55800014635 /* RewardInterstitialViewController.swift in Sources */ = {isa = PBXBuildFile; fileRef = 261FF6F9269EB55700014635 /* RewardInterstitialViewController.swift */; };
		265E6471264BB3720006C750 /* main.m in Sources */ = {isa = PBXBuildFile; fileRef = 265E6470264BB3720006C750 /* main.m */; };
		26B1BE4B2692CE58003119FE /* RewardInterstitialViewController.m in Sources */ = {isa = PBXBuildFile; fileRef = 26B1BE4A2692CE58003119FE /* RewardInterstitialViewController.m */; };
		26B1BE4E2692D1A9003119FE /* SegueInterimAdVIew.m in Sources */ = {isa = PBXBuildFile; fileRef = 26B1BE4D2692D1A9003119FE /* SegueInterimAdVIew.m */; };
		26B4FEF42694398E0004A818 /* AppOpenAdViewController.m in Sources */ = {isa = PBXBuildFile; fileRef = 26B4FEF32694398E0004A818 /* AppOpenAdViewController.m */; };
		26B4FEF9269594120004A818 /* BidmadSDK.framework in Frameworks */ = {isa = PBXBuildFile; fileRef = 26B4FEF8269594120004A818 /* BidmadSDK.framework */; };
		46AB202B218816CF00A2D82F /* RewardViewController.m in Sources */ = {isa = PBXBuildFile; fileRef = 46AB202A218816CF00A2D82F /* RewardViewController.m */; };
		46EFA9E01F69047F002B7C96 /* AppDelegate.m in Sources */ = {isa = PBXBuildFile; fileRef = 46EFA9DF1F69047F002B7C96 /* AppDelegate.m */; };
		46EFA9E31F69047F002B7C96 /* ViewController.m in Sources */ = {isa = PBXBuildFile; fileRef = 46EFA9E21F69047F002B7C96 /* ViewController.m */; };
		46EFA9E61F69047F002B7C96 /* Main.storyboard in Resources */ = {isa = PBXBuildFile; fileRef = 46EFA9E41F69047F002B7C96 /* Main.storyboard */; };
		46EFA9E81F69047F002B7C96 /* Assets.xcassets in Resources */ = {isa = PBXBuildFile; fileRef = 46EFA9E71F69047F002B7C96 /* Assets.xcassets */; };
		46EFA9EB1F69047F002B7C96 /* LaunchScreen.storyboard in Resources */ = {isa = PBXBuildFile; fileRef = 46EFA9E91F69047F002B7C96 /* LaunchScreen.storyboard */; };
		46EFA9FD1F6908FB002B7C96 /* BannerViewController.m in Sources */ = {isa = PBXBuildFile; fileRef = 46EFA9FC1F6908FB002B7C96 /* BannerViewController.m */; };
		46EFAA001F690920002B7C96 /* InterstitialViewController.m in Sources */ = {isa = PBXBuildFile; fileRef = 46EFA9FF1F690920002B7C96 /* InterstitialViewController.m */; };
		9FD8587125D37178008D3A3E /* OfferwallController.m in Sources */ = {isa = PBXBuildFile; fileRef = 9FD8587025D37178008D3A3E /* OfferwallController.m */; };
/* End PBXBuildFile section */

/* Begin PBXCopyFilesBuildPhase section */
		9FC8DBAB25DF9FA10070D200 /* Embed Frameworks */ = {
			isa = PBXCopyFilesBuildPhase;
			buildActionMask = 2147483647;
			dstPath = "";
			dstSubfolderSpec = 10;
			files = (
			);
			name = "Embed Frameworks";
			runOnlyForDeploymentPostprocessing = 0;
		};
/* End PBXCopyFilesBuildPhase section */

/* Begin PBXFileReference section */
		261FF6F8269EB55700014635 /* BidmadSDKTest-Bridging-Header.h */ = {isa = PBXFileReference; lastKnownFileType = sourcecode.c.h; path = "BidmadSDKTest-Bridging-Header.h"; sourceTree = "<group>"; };
		261FF6F9269EB55700014635 /* RewardInterstitialViewController.swift */ = {isa = PBXFileReference; fileEncoding = 4; lastKnownFileType = sourcecode.swift; path = RewardInterstitialViewController.swift; sourceTree = "<group>"; };
		265E6470264BB3720006C750 /* main.m */ = {isa = PBXFileReference; fileEncoding = 4; lastKnownFileType = sourcecode.c.objc; path = main.m; sourceTree = "<group>"; };
		26B1BE492692CE58003119FE /* RewardInterstitialViewController.h */ = {isa = PBXFileReference; lastKnownFileType = sourcecode.c.h; path = RewardInterstitialViewController.h; sourceTree = "<group>"; };
		26B1BE4A2692CE58003119FE /* RewardInterstitialViewController.m */ = {isa = PBXFileReference; lastKnownFileType = sourcecode.c.objc; path = RewardInterstitialViewController.m; sourceTree = "<group>"; };
		26B1BE4C2692D1A9003119FE /* SegueInterimAdVIew.h */ = {isa = PBXFileReference; lastKnownFileType = sourcecode.c.h; path = SegueInterimAdVIew.h; sourceTree = "<group>"; };
		26B1BE4D2692D1A9003119FE /* SegueInterimAdVIew.m */ = {isa = PBXFileReference; lastKnownFileType = sourcecode.c.objc; path = SegueInterimAdVIew.m; sourceTree = "<group>"; };
		26B4FEF22694398E0004A818 /* AppOpenAdViewController.h */ = {isa = PBXFileReference; lastKnownFileType = sourcecode.c.h; path = AppOpenAdViewController.h; sourceTree = "<group>"; };
		26B4FEF32694398E0004A818 /* AppOpenAdViewController.m */ = {isa = PBXFileReference; lastKnownFileType = sourcecode.c.objc; path = AppOpenAdViewController.m; sourceTree = "<group>"; };
		26B4FEF8269594120004A818 /* BidmadSDK.framework */ = {isa = PBXFileReference; lastKnownFileType = wrapper.framework; path = BidmadSDK.framework; sourceTree = "<group>"; };
		46AB2029218816CF00A2D82F /* RewardViewController.h */ = {isa = PBXFileReference; lastKnownFileType = sourcecode.c.h; path = RewardViewController.h; sourceTree = "<group>"; };
		46AB202A218816CF00A2D82F /* RewardViewController.m */ = {isa = PBXFileReference; lastKnownFileType = sourcecode.c.objc; path = RewardViewController.m; sourceTree = "<group>"; };
		46BFAB23221EAB6800C2AC3D /* BidmadSDKTest.entitlements */ = {isa = PBXFileReference; lastKnownFileType = text.plist.entitlements; path = BidmadSDKTest.entitlements; sourceTree = "<group>"; };
		46EFA9D81F69047F002B7C96 /* BidmadSimTest.app */ = {isa = PBXFileReference; explicitFileType = wrapper.application; includeInIndex = 0; path = BidmadSimTest.app; sourceTree = BUILT_PRODUCTS_DIR; };
		46EFA9DE1F69047F002B7C96 /* AppDelegate.h */ = {isa = PBXFileReference; lastKnownFileType = sourcecode.c.h; path = AppDelegate.h; sourceTree = "<group>"; };
		46EFA9DF1F69047F002B7C96 /* AppDelegate.m */ = {isa = PBXFileReference; lastKnownFileType = sourcecode.c.objc; path = AppDelegate.m; sourceTree = "<group>"; };
		46EFA9E11F69047F002B7C96 /* ViewController.h */ = {isa = PBXFileReference; lastKnownFileType = sourcecode.c.h; path = ViewController.h; sourceTree = "<group>"; };
		46EFA9E21F69047F002B7C96 /* ViewController.m */ = {isa = PBXFileReference; lastKnownFileType = sourcecode.c.objc; path = ViewController.m; sourceTree = "<group>"; };
		46EFA9E51F69047F002B7C96 /* Base */ = {isa = PBXFileReference; lastKnownFileType = file.storyboard; name = Base; path = Base.lproj/Main.storyboard; sourceTree = "<group>"; };
		46EFA9E71F69047F002B7C96 /* Assets.xcassets */ = {isa = PBXFileReference; lastKnownFileType = folder.assetcatalog; path = Assets.xcassets; sourceTree = "<group>"; };
		46EFA9EA1F69047F002B7C96 /* Base */ = {isa = PBXFileReference; lastKnownFileType = file.storyboard; name = Base; path = Base.lproj/LaunchScreen.storyboard; sourceTree = "<group>"; };
		46EFA9EC1F69047F002B7C96 /* Info.plist */ = {isa = PBXFileReference; lastKnownFileType = text.plist.xml; path = Info.plist; sourceTree = "<group>"; };
		46EFA9FB1F6908FB002B7C96 /* BannerViewController.h */ = {isa = PBXFileReference; fileEncoding = 4; lastKnownFileType = sourcecode.c.h; path = BannerViewController.h; sourceTree = "<group>"; };
		46EFA9FC1F6908FB002B7C96 /* BannerViewController.m */ = {isa = PBXFileReference; fileEncoding = 4; lastKnownFileType = sourcecode.c.objc; path = BannerViewController.m; sourceTree = "<group>"; };
		46EFA9FE1F690920002B7C96 /* InterstitialViewController.h */ = {isa = PBXFileReference; fileEncoding = 4; lastKnownFileType = sourcecode.c.h; path = InterstitialViewController.h; sourceTree = "<group>"; };
		46EFA9FF1F690920002B7C96 /* InterstitialViewController.m */ = {isa = PBXFileReference; fileEncoding = 4; lastKnownFileType = sourcecode.c.objc; path = InterstitialViewController.m; sourceTree = "<group>"; };
		9FD8586F25D37178008D3A3E /* OfferwallController.h */ = {isa = PBXFileReference; fileEncoding = 4; lastKnownFileType = sourcecode.c.h; path = OfferwallController.h; sourceTree = "<group>"; };
		9FD8587025D37178008D3A3E /* OfferwallController.m */ = {isa = PBXFileReference; fileEncoding = 4; lastKnownFileType = sourcecode.c.objc; path = OfferwallController.m; sourceTree = "<group>"; };
		AA61C5ADB6DFD09384D386B0 /* Pods-BidmadSDKTest.release.xcconfig */ = {isa = PBXFileReference; includeInIndex = 1; lastKnownFileType = text.xcconfig; name = "Pods-BidmadSDKTest.release.xcconfig"; path = "Target Support Files/Pods-BidmadSDKTest/Pods-BidmadSDKTest.release.xcconfig"; sourceTree = "<group>"; };
		C6DFB0E79FEFF5A0FB22B6DA /* Pods-BidmadSDKTest.debug.xcconfig */ = {isa = PBXFileReference; includeInIndex = 1; lastKnownFileType = text.xcconfig; name = "Pods-BidmadSDKTest.debug.xcconfig"; path = "Target Support Files/Pods-BidmadSDKTest/Pods-BidmadSDKTest.debug.xcconfig"; sourceTree = "<group>"; };
		CD79908517C0A4FDFC190860 /* Pods_BidmadSDKTest.framework */ = {isa = PBXFileReference; explicitFileType = wrapper.framework; includeInIndex = 0; path = Pods_BidmadSDKTest.framework; sourceTree = BUILT_PRODUCTS_DIR; };
/* End PBXFileReference section */

/* Begin PBXFrameworksBuildPhase section */
		46EFA9D51F69047F002B7C96 /* Frameworks */ = {
			isa = PBXFrameworksBuildPhase;
			buildActionMask = 2147483647;
			files = (
				26B4FEF9269594120004A818 /* BidmadSDK.framework in Frameworks */,
				148A307F691CE2547AFE7C46 /* Pods_BidmadSDKTest.framework in Frameworks */,
			);
			runOnlyForDeploymentPostprocessing = 0;
		};
/* End PBXFrameworksBuildPhase section */

/* Begin PBXGroup section */
		26B4FEF52694399B0004A818 /* AdViewController */ = {
			isa = PBXGroup;
			children = (
				46EFA9FB1F6908FB002B7C96 /* BannerViewController.h */,
				46EFA9FC1F6908FB002B7C96 /* BannerViewController.m */,
				46EFA9FE1F690920002B7C96 /* InterstitialViewController.h */,
				46EFA9FF1F690920002B7C96 /* InterstitialViewController.m */,
				46AB2029218816CF00A2D82F /* RewardViewController.h */,
				46AB202A218816CF00A2D82F /* RewardViewController.m */,
				26B1BE492692CE58003119FE /* RewardInterstitialViewController.h */,
				26B1BE4A2692CE58003119FE /* RewardInterstitialViewController.m */,
				261FF6F9269EB55700014635 /* RewardInterstitialViewController.swift */,
				26B1BE4C2692D1A9003119FE /* SegueInterimAdVIew.h */,
				26B1BE4D2692D1A9003119FE /* SegueInterimAdVIew.m */,
				9FD8586F25D37178008D3A3E /* OfferwallController.h */,
				9FD8587025D37178008D3A3E /* OfferwallController.m */,
				26B4FEF22694398E0004A818 /* AppOpenAdViewController.h */,
				26B4FEF32694398E0004A818 /* AppOpenAdViewController.m */,
				261FF6F8269EB55700014635 /* BidmadSDKTest-Bridging-Header.h */,
			);
			path = AdViewController;
			sourceTree = "<group>";
		};
		46EFA9CF1F69047F002B7C96 = {
			isa = PBXGroup;
			children = (
				46EFA9DA1F69047F002B7C96 /* BidmadSDKTest */,
				46EFA9D91F69047F002B7C96 /* Products */,
				8AB48504F218BF3D84ED609A /* Pods */,
				CC1A5BBCFE3A45083528C64C /* Frameworks */,
			);
			sourceTree = "<group>";
		};
		46EFA9D91F69047F002B7C96 /* Products */ = {
			isa = PBXGroup;
			children = (
				46EFA9D81F69047F002B7C96 /* BidmadSimTest.app */,
			);
			name = Products;
			sourceTree = "<group>";
		};
		46EFA9DA1F69047F002B7C96 /* BidmadSDKTest */ = {
			isa = PBXGroup;
			children = (
				26B4FEF8269594120004A818 /* BidmadSDK.framework */,
				46BFAB23221EAB6800C2AC3D /* BidmadSDKTest.entitlements */,
				265E6470264BB3720006C750 /* main.m */,
				46EFA9DE1F69047F002B7C96 /* AppDelegate.h */,
				46EFA9DF1F69047F002B7C96 /* AppDelegate.m */,
				46EFA9E11F69047F002B7C96 /* ViewController.h */,
				46EFA9E21F69047F002B7C96 /* ViewController.m */,
				26B4FEF52694399B0004A818 /* AdViewController */,
				46EFA9E41F69047F002B7C96 /* Main.storyboard */,
				46EFA9E91F69047F002B7C96 /* LaunchScreen.storyboard */,
				46EFA9E71F69047F002B7C96 /* Assets.xcassets */,
				46EFA9EC1F69047F002B7C96 /* Info.plist */,
			);
			path = BidmadSDKTest;
			sourceTree = "<group>";
		};
		8AB48504F218BF3D84ED609A /* Pods */ = {
			isa = PBXGroup;
			children = (
				C6DFB0E79FEFF5A0FB22B6DA /* Pods-BidmadSDKTest.debug.xcconfig */,
				AA61C5ADB6DFD09384D386B0 /* Pods-BidmadSDKTest.release.xcconfig */,
			);
			path = Pods;
			sourceTree = "<group>";
		};
		CC1A5BBCFE3A45083528C64C /* Frameworks */ = {
			isa = PBXGroup;
			children = (
				CD79908517C0A4FDFC190860 /* Pods_BidmadSDKTest.framework */,
			);
			name = Frameworks;
			sourceTree = "<group>";
		};
/* End PBXGroup section */

/* Begin PBXNativeTarget section */
		46EFA9D71F69047F002B7C96 /* BidmadSDKTest */ = {
			isa = PBXNativeTarget;
			buildConfigurationList = 46EFA9EF1F69047F002B7C96 /* Build configuration list for PBXNativeTarget "BidmadSDKTest" */;
			buildPhases = (
				CCD4CECDEACBAB3724B1E157 /* [CP] Check Pods Manifest.lock */,
				46EFA9D41F69047F002B7C96 /* Sources */,
				46EFA9D51F69047F002B7C96 /* Frameworks */,
				46EFA9D61F69047F002B7C96 /* Resources */,
				47BCF8792553A69800A06CBB /* ShellScript */,
				9FC8DBAB25DF9FA10070D200 /* Embed Frameworks */,
				4CB59E499B72E3A7C94D59CA /* [CP] Copy Pods Resources */,
				B4255581CADC386ECBB307BB /* [CP] Embed Pods Frameworks */,
			);
			buildRules = (
			);
			dependencies = (
			);
			name = BidmadSDKTest;
			productName = BidmadSDKTest;
			productReference = 46EFA9D81F69047F002B7C96 /* BidmadSimTest.app */;
			productType = "com.apple.product-type.application";
		};
/* End PBXNativeTarget section */

/* Begin PBXProject section */
		46EFA9D01F69047F002B7C96 /* Project object */ = {
			isa = PBXProject;
			attributes = {
				KnownAssetTags = (
					New,
				);
				LastUpgradeCheck = 1020;
				ORGANIZATIONNAME = "전혜연";
				TargetAttributes = {
					46EFA9D71F69047F002B7C96 = {
						CreatedOnToolsVersion = 8.3.3;
						DevelopmentTeam = MWF8UC94P5;
						LastSwiftMigration = 1250;
						ProvisioningStyle = Manual;
						SystemCapabilities = {
							com.apple.Maps.iOS = {
								enabled = 0;
							};
							com.apple.WAC = {
								enabled = 0;
							};
						};
					};
				};
			};
			buildConfigurationList = 46EFA9D31F69047F002B7C96 /* Build configuration list for PBXProject "BidmadSDKTest" */;
			compatibilityVersion = "Xcode 3.2";
			developmentRegion = en;
			hasScannedForEncodings = 0;
			knownRegions = (
				en,
				Base,
			);
			mainGroup = 46EFA9CF1F69047F002B7C96;
			productRefGroup = 46EFA9D91F69047F002B7C96 /* Products */;
			projectDirPath = "";
			projectRoot = "";
			targets = (
				46EFA9D71F69047F002B7C96 /* BidmadSDKTest */,
			);
		};
/* End PBXProject section */

/* Begin PBXResourcesBuildPhase section */
		46EFA9D61F69047F002B7C96 /* Resources */ = {
			isa = PBXResourcesBuildPhase;
			buildActionMask = 2147483647;
			files = (
				46EFA9EB1F69047F002B7C96 /* LaunchScreen.storyboard in Resources */,
				46EFA9E81F69047F002B7C96 /* Assets.xcassets in Resources */,
				46EFA9E61F69047F002B7C96 /* Main.storyboard in Resources */,
			);
			runOnlyForDeploymentPostprocessing = 0;
		};
/* End PBXResourcesBuildPhase section */

/* Begin PBXShellScriptBuildPhase section */
		47BCF8792553A69800A06CBB /* ShellScript */ = {
			isa = PBXShellScriptBuildPhase;
			buildActionMask = 8;
			files = (
			);
			inputFileListPaths = (
			);
			inputPaths = (
			);
			outputFileListPaths = (
			);
			outputPaths = (
			);
			runOnlyForDeploymentPostprocessing = 1;
			shellPath = /bin/sh;
			shellScript = "bash \"${BUILT_PRODUCTS_DIR}/${FRAMEWORKS_FOLDER_PATH}/AdFitSDK.framework/strip-frameworks.sh\"\n";
		};
		4CB59E499B72E3A7C94D59CA /* [CP] Copy Pods Resources */ = {
			isa = PBXShellScriptBuildPhase;
			buildActionMask = 2147483647;
			files = (
			);
			inputPaths = (
				"${PODS_ROOT}/Target Support Files/Pods-BidmadSDKTest/Pods-BidmadSDKTest-resources.sh",
				"${PODS_ROOT}/Ads-Global/PangleSDK/LICENSE",
				"${PODS_ROOT}/Ads-Global/PangleSDK/BUAdSDK.bundle",
				"${PODS_ROOT}/AppLovinSDK/applovin-ios-sdk-10.0.1/AppLovinSDKResources.bundle",
				"${PODS_CONFIGURATION_BUILD_DIR}/BidmadSDK/bidmad_asset.bundle",
			);
			name = "[CP] Copy Pods Resources";
			outputPaths = (
				"${TARGET_BUILD_DIR}/${UNLOCALIZED_RESOURCES_FOLDER_PATH}/LICENSE",
				"${TARGET_BUILD_DIR}/${UNLOCALIZED_RESOURCES_FOLDER_PATH}/BUAdSDK.bundle",
				"${TARGET_BUILD_DIR}/${UNLOCALIZED_RESOURCES_FOLDER_PATH}/AppLovinSDKResources.bundle",
				"${TARGET_BUILD_DIR}/${UNLOCALIZED_RESOURCES_FOLDER_PATH}/bidmad_asset.bundle",
			);
			runOnlyForDeploymentPostprocessing = 0;
			shellPath = /bin/sh;
			shellScript = "\"${PODS_ROOT}/Target Support Files/Pods-BidmadSDKTest/Pods-BidmadSDKTest-resources.sh\"\n";
			showEnvVarsInLog = 0;
		};
		B4255581CADC386ECBB307BB /* [CP] Embed Pods Frameworks */ = {
			isa = PBXShellScriptBuildPhase;
			buildActionMask = 2147483647;
			files = (
			);
			inputPaths = (
				"${PODS_ROOT}/Target Support Files/Pods-BidmadSDKTest/Pods-BidmadSDKTest-frameworks.sh",
				"${PODS_ROOT}/AdFitSDK/Frameworks/AdFitSDK.framework",
				"${BUILT_PRODUCTS_DIR}/FBSDKCoreKit/FBSDKCoreKit.framework",
				"${BUILT_PRODUCTS_DIR}/GoogleUtilities/GoogleUtilities.framework",
				"${BUILT_PRODUCTS_DIR}/PromisesObjC/FBLPromises.framework",
				"${BUILT_PRODUCTS_DIR}/nanopb/nanopb.framework",
				"${PODS_XCFRAMEWORKS_BUILD_DIR}/Flutter/Flutter.framework/Flutter",
			);
			name = "[CP] Embed Pods Frameworks";
			outputPaths = (
				"${TARGET_BUILD_DIR}/${FRAMEWORKS_FOLDER_PATH}/AdFitSDK.framework",
				"${TARGET_BUILD_DIR}/${FRAMEWORKS_FOLDER_PATH}/FBSDKCoreKit.framework",
				"${TARGET_BUILD_DIR}/${FRAMEWORKS_FOLDER_PATH}/GoogleUtilities.framework",
				"${TARGET_BUILD_DIR}/${FRAMEWORKS_FOLDER_PATH}/FBLPromises.framework",
				"${TARGET_BUILD_DIR}/${FRAMEWORKS_FOLDER_PATH}/nanopb.framework",
				"${TARGET_BUILD_DIR}/${FRAMEWORKS_FOLDER_PATH}/Flutter.framework",
			);
			runOnlyForDeploymentPostprocessing = 0;
			shellPath = /bin/sh;
			shellScript = "\"${PODS_ROOT}/Target Support Files/Pods-BidmadSDKTest/Pods-BidmadSDKTest-frameworks.sh\"\n";
			showEnvVarsInLog = 0;
		};
		CCD4CECDEACBAB3724B1E157 /* [CP] Check Pods Manifest.lock */ = {
			isa = PBXShellScriptBuildPhase;
			buildActionMask = 2147483647;
			files = (
			);
			inputFileListPaths = (
			);
			inputPaths = (
				"${PODS_PODFILE_DIR_PATH}/Podfile.lock",
				"${PODS_ROOT}/Manifest.lock",
			);
			name = "[CP] Check Pods Manifest.lock";
			outputFileListPaths = (
			);
			outputPaths = (
				"$(DERIVED_FILE_DIR)/Pods-BidmadSDKTest-checkManifestLockResult.txt",
			);
			runOnlyForDeploymentPostprocessing = 0;
			shellPath = /bin/sh;
			shellScript = "diff \"${PODS_PODFILE_DIR_PATH}/Podfile.lock\" \"${PODS_ROOT}/Manifest.lock\" > /dev/null\nif [ $? != 0 ] ; then\n    # print error to STDERR\n    echo \"error: The sandbox is not in sync with the Podfile.lock. Run 'pod install' or update your CocoaPods installation.\" >&2\n    exit 1\nfi\n# This output is used by Xcode 'outputs' to avoid re-running this script phase.\necho \"SUCCESS\" > \"${SCRIPT_OUTPUT_FILE_0}\"\n";
			showEnvVarsInLog = 0;
		};
/* End PBXShellScriptBuildPhase section */

/* Begin PBXSourcesBuildPhase section */
		46EFA9D41F69047F002B7C96 /* Sources */ = {
			isa = PBXSourcesBuildPhase;
			buildActionMask = 2147483647;
			files = (
				261FF6FA269EB55800014635 /* RewardInterstitialViewController.swift in Sources */,
				46EFA9E31F69047F002B7C96 /* ViewController.m in Sources */,
				26B4FEF42694398E0004A818 /* AppOpenAdViewController.m in Sources */,
				26B1BE4B2692CE58003119FE /* RewardInterstitialViewController.m in Sources */,
				46EFA9E01F69047F002B7C96 /* AppDelegate.m in Sources */,
				46EFAA001F690920002B7C96 /* InterstitialViewController.m in Sources */,
				46EFA9FD1F6908FB002B7C96 /* BannerViewController.m in Sources */,
				9FD8587125D37178008D3A3E /* OfferwallController.m in Sources */,
				265E6471264BB3720006C750 /* main.m in Sources */,
				26B1BE4E2692D1A9003119FE /* SegueInterimAdVIew.m in Sources */,
				46AB202B218816CF00A2D82F /* RewardViewController.m in Sources */,
			);
			runOnlyForDeploymentPostprocessing = 0;
		};
/* End PBXSourcesBuildPhase section */

/* Begin PBXVariantGroup section */
		46EFA9E41F69047F002B7C96 /* Main.storyboard */ = {
			isa = PBXVariantGroup;
			children = (
				46EFA9E51F69047F002B7C96 /* Base */,
			);
			name = Main.storyboard;
			sourceTree = "<group>";
		};
		46EFA9E91F69047F002B7C96 /* LaunchScreen.storyboard */ = {
			isa = PBXVariantGroup;
			children = (
				46EFA9EA1F69047F002B7C96 /* Base */,
			);
			name = LaunchScreen.storyboard;
			sourceTree = "<group>";
		};
/* End PBXVariantGroup section */

/* Begin XCBuildConfiguration section */
		46EFA9ED1F69047F002B7C96 /* Debug */ = {
			isa = XCBuildConfiguration;
			buildSettings = {
				ALWAYS_SEARCH_USER_PATHS = NO;
				CLANG_ALLOW_NON_MODULAR_INCLUDES_IN_FRAMEWORK_MODULES = NO;
				CLANG_ANALYZER_LOCALIZABILITY_NONLOCALIZED = YES;
				CLANG_ANALYZER_NONNULL = YES;
				CLANG_ANALYZER_NUMBER_OBJECT_CONVERSION = YES_AGGRESSIVE;
				CLANG_CXX_LANGUAGE_STANDARD = "gnu++0x";
				CLANG_CXX_LIBRARY = "libc++";
				CLANG_ENABLE_MODULES = YES;
				CLANG_ENABLE_OBJC_ARC = YES;
				CLANG_WARN_BLOCK_CAPTURE_AUTORELEASING = YES;
				CLANG_WARN_BOOL_CONVERSION = YES;
				CLANG_WARN_COMMA = YES;
				CLANG_WARN_CONSTANT_CONVERSION = YES;
				CLANG_WARN_DEPRECATED_OBJC_IMPLEMENTATIONS = YES;
				CLANG_WARN_DIRECT_OBJC_ISA_USAGE = YES_ERROR;
				CLANG_WARN_DOCUMENTATION_COMMENTS = YES;
				CLANG_WARN_EMPTY_BODY = YES;
				CLANG_WARN_ENUM_CONVERSION = YES;
				CLANG_WARN_INFINITE_RECURSION = YES;
				CLANG_WARN_INT_CONVERSION = YES;
				CLANG_WARN_NON_LITERAL_NULL_CONVERSION = YES;
				CLANG_WARN_OBJC_IMPLICIT_RETAIN_SELF = YES;
				CLANG_WARN_OBJC_LITERAL_CONVERSION = YES;
				CLANG_WARN_OBJC_ROOT_CLASS = YES_ERROR;
				CLANG_WARN_RANGE_LOOP_ANALYSIS = YES;
				CLANG_WARN_STRICT_PROTOTYPES = YES;
				CLANG_WARN_SUSPICIOUS_MOVE = YES;
				CLANG_WARN_UNREACHABLE_CODE = YES;
				CLANG_WARN__DUPLICATE_METHOD_MATCH = YES;
				"CODE_SIGN_IDENTITY[sdk=iphoneos*]" = "iPhone Developer";
				COPY_PHASE_STRIP = NO;
				DEBUG_INFORMATION_FORMAT = dwarf;
				ENABLE_BITCODE = NO;
				ENABLE_STRICT_OBJC_MSGSEND = YES;
				ENABLE_TESTABILITY = YES;
				GCC_C_LANGUAGE_STANDARD = gnu99;
				GCC_DYNAMIC_NO_PIC = NO;
				GCC_NO_COMMON_BLOCKS = YES;
				GCC_OPTIMIZATION_LEVEL = 0;
				GCC_PREPROCESSOR_DEFINITIONS = (
					"DEBUG=1",
					"$(inherited)",
				);
				GCC_WARN_64_TO_32_BIT_CONVERSION = YES;
				GCC_WARN_ABOUT_RETURN_TYPE = YES_ERROR;
				GCC_WARN_UNDECLARED_SELECTOR = YES;
				GCC_WARN_UNINITIALIZED_AUTOS = YES_AGGRESSIVE;
				GCC_WARN_UNUSED_FUNCTION = YES;
				GCC_WARN_UNUSED_VARIABLE = YES;
				IPHONEOS_DEPLOYMENT_TARGET = 8.0;
				MTL_ENABLE_DEBUG_INFO = YES;
				ONLY_ACTIVE_ARCH = NO;
				OTHER_CFLAGS = "";
				SDKROOT = iphoneos;
				TARGETED_DEVICE_FAMILY = "1,2";
			};
			name = Debug;
		};
		46EFA9EE1F69047F002B7C96 /* Release */ = {
			isa = XCBuildConfiguration;
			buildSettings = {
				ALWAYS_SEARCH_USER_PATHS = NO;
				CLANG_ALLOW_NON_MODULAR_INCLUDES_IN_FRAMEWORK_MODULES = NO;
				CLANG_ANALYZER_LOCALIZABILITY_NONLOCALIZED = YES;
				CLANG_ANALYZER_NONNULL = YES;
				CLANG_ANALYZER_NUMBER_OBJECT_CONVERSION = YES_AGGRESSIVE;
				CLANG_CXX_LANGUAGE_STANDARD = "gnu++0x";
				CLANG_CXX_LIBRARY = "libc++";
				CLANG_ENABLE_MODULES = YES;
				CLANG_ENABLE_OBJC_ARC = YES;
				CLANG_WARN_BLOCK_CAPTURE_AUTORELEASING = YES;
				CLANG_WARN_BOOL_CONVERSION = YES;
				CLANG_WARN_COMMA = YES;
				CLANG_WARN_CONSTANT_CONVERSION = YES;
				CLANG_WARN_DEPRECATED_OBJC_IMPLEMENTATIONS = YES;
				CLANG_WARN_DIRECT_OBJC_ISA_USAGE = YES_ERROR;
				CLANG_WARN_DOCUMENTATION_COMMENTS = YES;
				CLANG_WARN_EMPTY_BODY = YES;
				CLANG_WARN_ENUM_CONVERSION = YES;
				CLANG_WARN_INFINITE_RECURSION = YES;
				CLANG_WARN_INT_CONVERSION = YES;
				CLANG_WARN_NON_LITERAL_NULL_CONVERSION = YES;
				CLANG_WARN_OBJC_IMPLICIT_RETAIN_SELF = YES;
				CLANG_WARN_OBJC_LITERAL_CONVERSION = YES;
				CLANG_WARN_OBJC_ROOT_CLASS = YES_ERROR;
				CLANG_WARN_RANGE_LOOP_ANALYSIS = YES;
				CLANG_WARN_STRICT_PROTOTYPES = YES;
				CLANG_WARN_SUSPICIOUS_MOVE = YES;
				CLANG_WARN_UNREACHABLE_CODE = YES;
				CLANG_WARN__DUPLICATE_METHOD_MATCH = YES;
				"CODE_SIGN_IDENTITY[sdk=iphoneos*]" = "iPhone Developer";
				COPY_PHASE_STRIP = NO;
				DEBUG_INFORMATION_FORMAT = "dwarf-with-dsym";
				ENABLE_BITCODE = NO;
				ENABLE_NS_ASSERTIONS = NO;
				ENABLE_STRICT_OBJC_MSGSEND = YES;
				GCC_C_LANGUAGE_STANDARD = gnu99;
				GCC_NO_COMMON_BLOCKS = YES;
				GCC_WARN_64_TO_32_BIT_CONVERSION = YES;
				GCC_WARN_ABOUT_RETURN_TYPE = YES_ERROR;
				GCC_WARN_UNDECLARED_SELECTOR = YES;
				GCC_WARN_UNINITIALIZED_AUTOS = YES_AGGRESSIVE;
				GCC_WARN_UNUSED_FUNCTION = YES;
				GCC_WARN_UNUSED_VARIABLE = YES;
				IPHONEOS_DEPLOYMENT_TARGET = 8.0;
				MTL_ENABLE_DEBUG_INFO = NO;
				ONLY_ACTIVE_ARCH = NO;
				OTHER_CFLAGS = "";
				SDKROOT = iphoneos;
				TARGETED_DEVICE_FAMILY = "1,2";
				VALIDATE_PRODUCT = YES;
			};
			name = Release;
		};
		46EFA9F01F69047F002B7C96 /* Debug */ = {
			isa = XCBuildConfiguration;
			baseConfigurationReference = C6DFB0E79FEFF5A0FB22B6DA /* Pods-BidmadSDKTest.debug.xcconfig */;
			buildSettings = {
				ASSETCATALOG_COMPILER_APPICON_NAME = AppIcon;
				CLANG_ALLOW_NON_MODULAR_INCLUDES_IN_FRAMEWORK_MODULES = YES;
				CLANG_ENABLE_MODULES = YES;
				CODE_SIGN_IDENTITY = "iPhone Developer";
				CODE_SIGN_STYLE = Manual;
				CURRENT_PROJECT_VERSION = 4;
				DEVELOPMENT_TEAM = MWF8UC94P5;
				ENABLE_BITCODE = NO;
				FRAMEWORK_SEARCH_PATHS = (
					"$(inherited)",
					"$(PROJECT_DIR)$(LOCAL_LIBRARY_DIR)",
					"$(PROJECT_DIR)$(LOCAL_LIBRARY_DIR)/Tapjoy.embeddedframework",
					"$(PROJECT_DIR)/BidmadSDKTest",
				);
				INFOPLIST_FILE = BidmadSDKTest/Info.plist;
				IPHONEOS_DEPLOYMENT_TARGET = 11.0;
				LD_RUNPATH_SEARCH_PATHS = "$(inherited) @executable_path/Frameworks";
				MARKETING_VERSION = 1.0;
				ONLY_ACTIVE_ARCH = NO;
				OTHER_CFLAGS = "";
				OTHER_LDFLAGS = "$(inherited)";
				PRODUCT_BUNDLE_IDENTIFIER = com.adop.mnctest;
				PRODUCT_NAME = BidmadSimTest;
				PROVISIONING_PROFILE_SPECIFIER = MNCTEST_DEV;
				SWIFT_OBJC_BRIDGING_HEADER = "BidmadSDKTest/AdViewController/BidmadSDKTest-Bridging-Header.h";
				SWIFT_OPTIMIZATION_LEVEL = "-Onone";
				SWIFT_VERSION = 5.0;
				VALID_ARCHS = "$(inherited)";
				"VALID_ARCHS[sdk=iphoneos*]" = "$(inherited)";
				"VALID_ARCHS[sdk=iphonesimulator*]" = "$(inherited)";
			};
			name = Debug;
		};
		46EFA9F11F69047F002B7C96 /* Release */ = {
			isa = XCBuildConfiguration;
			baseConfigurationReference = AA61C5ADB6DFD09384D386B0 /* Pods-BidmadSDKTest.release.xcconfig */;
			buildSettings = {
				ASSETCATALOG_COMPILER_APPICON_NAME = AppIcon;
				CLANG_ALLOW_NON_MODULAR_INCLUDES_IN_FRAMEWORK_MODULES = YES;
				CLANG_ENABLE_MODULES = YES;
				CODE_SIGN_IDENTITY = "iPhone Developer";
				CODE_SIGN_STYLE = Manual;
				CURRENT_PROJECT_VERSION = 4;
				DEVELOPMENT_TEAM = MWF8UC94P5;
				ENABLE_BITCODE = NO;
				FRAMEWORK_SEARCH_PATHS = (
					"$(inherited)",
					"$(PROJECT_DIR)$(LOCAL_LIBRARY_DIR)",
					"$(PROJECT_DIR)$(LOCAL_LIBRARY_DIR)/Tapjoy.embeddedframework",
					"$(PROJECT_DIR)/BidmadSDKTest",
				);
				INFOPLIST_FILE = BidmadSDKTest/Info.plist;
				IPHONEOS_DEPLOYMENT_TARGET = 11.0;
				LD_RUNPATH_SEARCH_PATHS = "$(inherited) @executable_path/Frameworks";
				MARKETING_VERSION = 1.0;
				ONLY_ACTIVE_ARCH = NO;
				OTHER_CFLAGS = "";
				OTHER_LDFLAGS = "$(inherited)";
				PRODUCT_BUNDLE_IDENTIFIER = com.adop.mnctest;
				PRODUCT_NAME = BidmadSimTest;
				PROVISIONING_PROFILE_SPECIFIER = MNCTEST_DEV;
				SWIFT_OBJC_BRIDGING_HEADER = "BidmadSDKTest/AdViewController/BidmadSDKTest-Bridging-Header.h";
				SWIFT_VERSION = 5.0;
				VALID_ARCHS = "$(inherited)";
				"VALID_ARCHS[sdk=iphoneos*]" = "$(inherited)";
				"VALID_ARCHS[sdk=iphonesimulator*]" = "$(inherited)";
			};
			name = Release;
		};
/* End XCBuildConfiguration section */

/* Begin XCConfigurationList section */
		46EFA9D31F69047F002B7C96 /* Build configuration list for PBXProject "BidmadSDKTest" */ = {
			isa = XCConfigurationList;
			buildConfigurations = (
				46EFA9ED1F69047F002B7C96 /* Debug */,
				46EFA9EE1F69047F002B7C96 /* Release */,
			);
			defaultConfigurationIsVisible = 0;
			defaultConfigurationName = Release;
		};
		46EFA9EF1F69047F002B7C96 /* Build configuration list for PBXNativeTarget "BidmadSDKTest" */ = {
			isa = XCConfigurationList;
			buildConfigurations = (
				46EFA9F01F69047F002B7C96 /* Debug */,
				46EFA9F11F69047F002B7C96 /* Release */,
			);
			defaultConfigurationIsVisible = 0;
			defaultConfigurationName = Release;
		};
/* End XCConfigurationList section */
	};
	rootObject = 46EFA9D01F69047F002B7C96 /* Project object */;
}
