PODS:
  - AdFitSDK (3.12.7)
  - AdMixer (1.0.7)
  - AdMixerMediation (2.0.2):
    - AdMixer
  - Ads-Global (7.2.0.5):
    - Ads-Global/BUAdSDK (= 7.2.0.5)
  - Ads-Global/BUAdSDK (7.2.0.5)
  - AppLovinSDK (13.3.1)
  - BidmadAdFitAdapter (3.12.7.12.0):
    - AdFitSDK (= 3.12.7)
    - BidmadSDK (< 6.14.0, >= 6.13.0)
  - BidmadAdmixerAdapter (2.0.2.12.0):
    - AdMixerMediation (= 2.0.2)
    - BidmadSDK (< 6.14.0, >= 6.13.0)
  - BidmadAppLovinAdapter (13.3.1.12.0):
    - AppLovinSDK (= 13.3.1)
    - BidmadSDK (< 6.14.0, >= 6.13.0)
  - BidmadFyberAdapter (8.3.7.12.0):
    - BidmadSDK (< 6.14.0, >= 6.13.0)
    - Fyber_Marketplace_SDK (= 8.3.7)
  - BidmadGoogleAdManagerAdapter (12.6.0.12.0):
    - BidmadSDK (< 6.14.0, >= 6.13.0)
    - Google-Mobile-Ads-SDK (= 12.6.0)
  - BidmadGoogleAdMobAdapter (12.6.0.12.0):
    - BidmadSDK (< 6.14.0, >= 6.13.0)
    - Google-Mobile-Ads-SDK (= 12.6.0)
  - BidmadMobwithAdapter (1.0.0.12.0):
    - BidmadSDK (< 6.14.0, >= 6.13.0)
  - BidmadORTBAdapter (1.0.0.12.0):
    - BidmadSDK (< 6.14.0, >= 6.13.0)
  - BidmadPangleAdapter (7.2.0.5.12.0):
    - Ads-Global (= 7.2.0.5)
    - BidmadSDK (< 6.14.0, >= 6.13.0)
  - BidmadPartners/AdMobBidding (1.0.7):
    - GoogleMobileAdsMediationAppLovin (= 13.3.1.0)
    - GoogleMobileAdsMediationFacebook (= 6.20.0.0)
    - GoogleMobileAdsMediationFyber (= 8.3.7.0)
    - GoogleMobileAdsMediationMintegral (= 7.7.8.0)
    - GoogleMobileAdsMediationPangle (= 7.2.0.5.0)
    - GoogleMobileAdsMediationUnity (= 4.15.0.0)
    - GoogleMobileAdsMediationVungle (= 7.5.1.0)
  - BidmadSDK (6.13.0):
    - GoogleUserMessagingPlatform (= 2.1.0)
  - BidmadTaboolaAdapter (3.8.33.12.0):
    - BidmadSDK (< 6.14.0, >= 6.13.0)
    - TaboolaSDK (= 3.8.33)
  - BidmadTeadsAdapter (5.2.0.12.0):
    - BidmadSDK (< 6.14.0, >= 6.13.0)
    - TeadsSDK (= 5.2.0)
  - BidmadUnityAdsAdapter (4.15.0.12.0):
    - BidmadSDK (< 6.14.0, >= 6.13.0)
    - UnityAds (= 4.15.0)
  - BidmadVungleAdapter (7.5.1.12.0):
    - BidmadSDK (< 6.14.0, >= 6.13.0)
    - VungleAds (= 7.5.1)
  - FBAudienceNetwork (6.20.0)
  - Fyber_Marketplace_SDK (8.3.7)
  - Google-Mobile-Ads-SDK (12.6.0):
    - GoogleUserMessagingPlatform (>= 1.1)
  - GoogleMobileAdsMediationAppLovin (13.3.1.0):
    - AppLovinSDK (= 13.3.1)
    - Google-Mobile-Ads-SDK (~> 12.0)
  - GoogleMobileAdsMediationFacebook (6.20.0.0):
    - FBAudienceNetwork (= 6.20.0)
    - Google-Mobile-Ads-SDK (~> 12.0)
  - GoogleMobileAdsMediationFyber (8.3.7.0):
    - Fyber_Marketplace_SDK (= 8.3.7)
    - Google-Mobile-Ads-SDK (~> 12.0)
  - GoogleMobileAdsMediationMintegral (7.7.8.0):
    - Google-Mobile-Ads-SDK (~> 12.0)
    - MintegralAdSDK/All (= 7.7.8)
  - GoogleMobileAdsMediationPangle (7.2.0.5.0):
    - Ads-Global (= 7.2.0.5)
    - Google-Mobile-Ads-SDK (~> 12.0)
  - GoogleMobileAdsMediationUnity (4.15.0.0):
    - Google-Mobile-Ads-SDK (~> 12.0)
    - UnityAds (= 4.15.0)
  - GoogleMobileAdsMediationVungle (7.5.1.0):
    - Google-Mobile-Ads-SDK (~> 12.0)
    - VungleAds (= 7.5.1)
  - GoogleUserMessagingPlatform (2.1.0)
  - MintegralAdSDK/All (7.7.8):
    - MintegralAdSDK/BannerAd
    - MintegralAdSDK/BidNativeAd
    - MintegralAdSDK/InterstitialVideoAd
    - MintegralAdSDK/NativeAd
    - MintegralAdSDK/NativeAdvancedAd
    - MintegralAdSDK/NewInterstitialAd
    - MintegralAdSDK/RewardVideoAd
    - MintegralAdSDK/SplashAd
  - MintegralAdSDK/BannerAd (7.7.8):
    - MintegralAdSDK/NativeAd
  - MintegralAdSDK/BidNativeAd (7.7.8):
    - MintegralAdSDK/NativeAd
  - MintegralAdSDK/InterstitialVideoAd (7.7.8):
    - MintegralAdSDK/NativeAd
  - MintegralAdSDK/NativeAd (7.7.8)
  - MintegralAdSDK/NativeAdvancedAd (7.7.8):
    - MintegralAdSDK/NativeAd
  - MintegralAdSDK/NewInterstitialAd (7.7.8):
    - MintegralAdSDK/InterstitialVideoAd
    - MintegralAdSDK/NativeAd
  - MintegralAdSDK/RewardVideoAd (7.7.8):
    - MintegralAdSDK/NativeAd
  - MintegralAdSDK/SplashAd (7.7.8):
    - MintegralAdSDK/NativeAd
  - OpenBiddingHelper (6.13.0):
    - BidmadSDK (< 6.14.0, >= 6.13.0)
  - TaboolaSDK (3.8.33)
  - TeadsSDK (5.2.0):
    - TeadsSDK/Core (= 5.2.0)
  - TeadsSDK/Core (5.2.0)
  - UnityAds (4.15.0)
  - VungleAds (7.5.1)

DEPENDENCIES:
  - BidmadAdFitAdapter (= 3.12.7.12.0)
  - BidmadAdmixerAdapter (= 2.0.2.12.0)
  - BidmadAppLovinAdapter (= 13.3.1.12.0)
  - BidmadFyberAdapter (= 8.3.7.12.0)
  - BidmadGoogleAdManagerAdapter (= 12.6.0.12.0)
  - BidmadGoogleAdMobAdapter (= 12.6.0.12.0)
  - BidmadMobwithAdapter (= 1.0.0.12.0)
  - BidmadORTBAdapter (= 1.0.0.12.0)
  - BidmadPangleAdapter (= 7.2.0.5.12.0)
  - BidmadPartners/AdMobBidding (= 1.0.7)
  - BidmadSDK (= 6.13.0)
  - BidmadTaboolaAdapter (= 3.8.33.12.0)
  - BidmadTeadsAdapter (= 5.2.0.12.0)
  - BidmadUnityAdsAdapter (= 4.15.0.12.0)
  - BidmadVungleAdapter (= 7.5.1.12.0)
  - OpenBiddingHelper (= 6.13.0)

SPEC REPOS:
  trunk:
    - AdFitSDK
    - AdMixer
    - AdMixerMediation
    - Ads-Global
    - AppLovinSDK
    - BidmadAdFitAdapter
    - BidmadAdmixerAdapter
    - BidmadAppLovinAdapter
    - BidmadFyberAdapter
    - BidmadGoogleAdManagerAdapter
    - BidmadGoogleAdMobAdapter
    - BidmadMobwithAdapter
    - BidmadORTBAdapter
    - BidmadPangleAdapter
    - BidmadPartners
    - BidmadSDK
    - BidmadTaboolaAdapter
    - BidmadTeadsAdapter
    - BidmadUnityAdsAdapter
    - BidmadVungleAdapter
    - FBAudienceNetwork
    - Fyber_Marketplace_SDK
    - Google-Mobile-Ads-SDK
    - GoogleMobileAdsMediationAppLovin
    - GoogleMobileAdsMediationFacebook
    - GoogleMobileAdsMediationFyber
    - GoogleMobileAdsMediationMintegral
    - GoogleMobileAdsMediationPangle
    - GoogleMobileAdsMediationUnity
    - GoogleMobileAdsMediationVungle
    - GoogleUserMessagingPlatform
    - MintegralAdSDK
    - OpenBiddingHelper
    - TaboolaSDK
    - TeadsSDK
    - UnityAds
    - VungleAds

SPEC CHECKSUMS:
  AdFitSDK: dc7a5a2ed6e432355d7429eed27c8f88d46da4cd
  AdMixer: 562c9be75f4d6231a6746915e027db1be07ba29b
  AdMixerMediation: 42529099b8231159bc6a60ab13b42029edbed4be
  Ads-Global: b76f43304561c8d77e5e3cee39e1a501e9717104
  AppLovinSDK: 5075837afdee4fb429121799b8cbcc5918ef3a23
  BidmadAdFitAdapter: 07fd335e995e0bd558966f5f023470a1a5bae02c
  BidmadAdmixerAdapter: 2d0a832cba04f782dceb54a90343bcaa6ed6ede0
  BidmadAppLovinAdapter: 1d0184fb794c9f9565b81b1b1b60b95174f3374f
  BidmadFyberAdapter: 87d1189061d86f14ed5fe92b466bd0bb88a5002d
  BidmadGoogleAdManagerAdapter: 8736c0612a4f498d8b2c4480571d8269e9c7cbb7
  BidmadGoogleAdMobAdapter: 6520f6cd31ac7cc7e29afb4e64e46638172f5e80
  BidmadMobwithAdapter: 79100ce85f6a64606f31cef7cf941c971eeb80e9
  BidmadORTBAdapter: dd4337127da5929a7d4321b5f710f4b1ae42e6e2
  BidmadPangleAdapter: 3ebc38aa7b4446fd187c5604bb176cac63ecc0c9
  BidmadPartners: ab64a743369822ef3f8990b0a9010e3c9ae6467e
  BidmadSDK: a3bf014f8e5743db53c61682646459e981e13d4f
  BidmadTaboolaAdapter: 705e7a61aec2e44587b7d8d9399bf6727e1e1981
  BidmadTeadsAdapter: eed1f3cd194ee6acc7d3754444d4fe94d561fc39
  BidmadUnityAdsAdapter: 58513eec78de046201203cfcc7efa09a5d6faa3a
  BidmadVungleAdapter: 11239d74de615c95106fba49680a5801beb64645
  FBAudienceNetwork: 51d3681e66c00ee36811c0d96e9fa39d5673eba8
  Fyber_Marketplace_SDK: 99ff1d44bf0c9b4e0aa3e2f2bd8c7956fc5c5675
  Google-Mobile-Ads-SDK: 198db3cfaaafdacf4ebfa273944c844792d483d1
  GoogleMobileAdsMediationAppLovin: 8c4341aabacd116c36b42df5e679c173be8bce62
  GoogleMobileAdsMediationFacebook: 9ca21f40f6873d557900cef231315ef21965b8c8
  GoogleMobileAdsMediationFyber: 06ac1add8d15156e2b8c53d6b7d831104eb01bdc
  GoogleMobileAdsMediationMintegral: 0aefaa2f0608c210eb26dd6a6207d8c1bd992bbd
  GoogleMobileAdsMediationPangle: 5f251da22dc3cc366466f70ecf4ab737aa60032e
  GoogleMobileAdsMediationUnity: 6c6c475d3b73a02577e837cf2ede2a04b253b30f
  GoogleMobileAdsMediationVungle: ac53b75b6b6cc1e1acf670e773522be909dcf18a
  GoogleUserMessagingPlatform: dce302b8f1b84d6e945812ee7a15c3f65a102cbf
  MintegralAdSDK: 07e018290689b906499d8285654bba42681cafcf
  OpenBiddingHelper: 10f72095106a4d13078f8b3d38305c1585ce3952
  TaboolaSDK: 54ad07f7607ca37e0aaebcf032138f44abb31554
  TeadsSDK: 7355125b5a05f67ee9fcb982e8bc1df5211aa816
  UnityAds: 5f487a7cf0b0cd162810cff51698f3ca0b4f8e68
  VungleAds: f7143149d6160211c6d462453adce125160e4283

PODFILE CHECKSUM: 7e9194b71bb6da5724a85c892b12b56177b9c9b6

COCOAPODS: 1.16.2
