PODS:
  - AdFitSDK (3.12.7)
  - AdMixer (1.0.4)
  - AdMixerMediation (2.0.0):
    - AdMixer
  - Ads-Global (6.2.0.7):
    - Ads-Global/BUAdSDK (= 6.2.0.7)
  - Ads-Global/BUAdSDK (6.2.0.7):
    - Ads-Global/Dep_Accurate
  - Ads-Global/Dep_Accurate (6.2.0.7):
    - BURelyFoundation_Global/Pangle (= 1.0.0.6)
  - AppLovinSDK (13.0.0)
  - BidmadAdFitAdapter (3.12.7.11.0):
    - AdFitSDK (= 3.12.7)
    - BidmadSDK (< 6.13.0, >= 6.12.0)
  - BidmadAdmixerAdapter (2.0.0.11.0):
    - AdMixerMediation (= 2.0.0)
    - BidmadSDK (< 6.13.0, >= 6.12.0)
  - BidmadAppLovinAdapter (13.0.0.11.0):
    - AppLovinSDK (= 13.0.0)
    - BidmadSDK (< 6.13.0, >= 6.12.0)
  - BidmadFyberAdapter (8.3.2.11.0):
    - BidmadSDK (< 6.13.0, >= 6.12.0)
    - Fyber_Marketplace_SDK (= 8.3.2)
  - BidmadGoogleAdManagerAdapter (11.10.0.11.0):
    - BidmadSDK (< 6.13.0, >= 6.12.0)
    - Google-Mobile-Ads-SDK (= 11.10.0)
  - BidmadGoogleAdMobAdapter (11.10.0.11.0):
    - BidmadSDK (< 6.13.0, >= 6.12.0)
    - Google-Mobile-Ads-SDK (= 11.10.0)
  - BidmadMobwithAdapter (1.0.0.11.0):
    - BidmadSDK (< 6.13.0, >= 6.12.0)
  - BidmadORTBAdapter (1.0.0.11.0):
    - BidmadSDK (< 6.13.0, >= 6.12.0)
  - BidmadPangleAdapter (6.2.0.7.11.0):
    - Ads-Global (= 6.2.0.7)
    - BidmadSDK (< 6.13.0, >= 6.12.0)
  - BidmadPartners/AdMobBidding (1.0.6):
    - GoogleMobileAdsMediationAppLovin (= 13.0.0.1)
    - GoogleMobileAdsMediationFacebook (= 6.15.2.0)
    - GoogleMobileAdsMediationFyber (= 8.3.2.0)
    - GoogleMobileAdsMediationIronSource (= 8.3.0.0.1)
    - GoogleMobileAdsMediationMintegral (= 7.7.3.0)
    - GoogleMobileAdsMediationPangle (= 6.2.0.7.0)
    - GoogleMobileAdsMediationUnity (= 4.12.3.0)
    - GoogleMobileAdsMediationVungle (= 7.4.1.0)
  - BidmadPubmaticAdapter (3.2.0.11.0):
    - BidmadSDK (< 6.13.0, >= 6.12.0)
    - OpenWrapHandlerDFP (= 4.0.0)
    - OpenWrapSDK (= 3.2.0)
  - BidmadSDK (6.12.0):
    - GoogleUserMessagingPlatform (= 2.1.0)
  - BidmadTaboolaAdapter (3.8.33.11.0):
    - BidmadSDK (< 6.13.0, >= 6.12.0)
    - TaboolaSDK (= 3.8.33)
  - BidmadTeadsAdapter (5.2.0.11.0):
    - BidmadSDK (< 6.13.0, >= 6.12.0)
    - TeadsSDK (= 5.2.0)
  - BidmadUnityAdsAdapter (4.12.3.11.0):
    - BidmadSDK (< 6.13.0, >= 6.12.0)
    - UnityAds (= 4.12.3)
  - BidmadVungleAdapter (7.4.1.11.0):
    - BidmadSDK (< 6.13.0, >= 6.12.0)
    - VungleAds (= 7.4.1)
  - BURelyFoundation_Global/AFNetworking (1.0.0.6)
  - BURelyFoundation_Global/APM (1.0.0.6)
  - BURelyFoundation_Global/Foundation (1.0.0.6):
    - BURelyFoundation_Global/NETWork
  - BURelyFoundation_Global/Gecko (1.0.0.6):
    - BURelyFoundation_Global/Foundation
  - BURelyFoundation_Global/Header (1.0.0.6)
  - BURelyFoundation_Global/NETWork (1.0.0.6):
    - BURelyFoundation_Global/AFNetworking
  - BURelyFoundation_Global/Pangle (1.0.0.6):
    - BURelyFoundation_Global/AFNetworking
    - BURelyFoundation_Global/APM
    - BURelyFoundation_Global/Foundation
    - BURelyFoundation_Global/Gecko
    - BURelyFoundation_Global/Header
    - BURelyFoundation_Global/NETWork
    - BURelyFoundation_Global/SDWebImage
    - BURelyFoundation_Global/YYModel
    - BURelyFoundation_Global/ZFPlayer
    - BURelyFoundation_Global/Zip
  - BURelyFoundation_Global/SDWebImage (1.0.0.6):
    - BURelyFoundation_Global/Foundation
  - BURelyFoundation_Global/YYModel (1.0.0.6)
  - BURelyFoundation_Global/ZFPlayer (1.0.0.6):
    - BURelyFoundation_Global/Foundation
    - BURelyFoundation_Global/Zip
  - BURelyFoundation_Global/Zip (1.0.0.6):
    - BURelyFoundation_Global/Foundation
  - FBAudienceNetwork (6.15.2)
  - Fyber_Marketplace_SDK (8.3.2)
  - Google-Mobile-Ads-SDK (11.10.0):
    - GoogleUserMessagingPlatform (>= 1.1)
  - GoogleMobileAdsMediationAppLovin (13.0.0.1):
    - AppLovinSDK (= 13.0.0)
    - Google-Mobile-Ads-SDK (~> 11.0)
  - GoogleMobileAdsMediationFacebook (6.15.2.0):
    - FBAudienceNetwork (= 6.15.2)
    - Google-Mobile-Ads-SDK (~> 11.0)
  - GoogleMobileAdsMediationFyber (8.3.2.0):
    - Fyber_Marketplace_SDK (= 8.3.2)
    - Google-Mobile-Ads-SDK (~> 11.0)
  - GoogleMobileAdsMediationIronSource (8.3.0.0.1):
    - Google-Mobile-Ads-SDK (~> 11.0)
    - IronSourceSDK (= 8.3.0.0)
  - GoogleMobileAdsMediationMintegral (7.7.3.0):
    - Google-Mobile-Ads-SDK (~> 11.0)
    - MintegralAdSDK/All (= 7.7.3)
  - GoogleMobileAdsMediationPangle (6.2.0.7.0):
    - Ads-Global (= 6.2.0.7)
    - Google-Mobile-Ads-SDK (~> 11.0)
  - GoogleMobileAdsMediationUnity (4.12.3.0):
    - Google-Mobile-Ads-SDK (~> 11.0)
    - UnityAds (= 4.12.3)
  - GoogleMobileAdsMediationVungle (7.4.1.0):
    - Google-Mobile-Ads-SDK (~> 11.0)
    - VungleAds (= 7.4.1)
  - GoogleUserMessagingPlatform (2.1.0)
  - IronSourceSDK (8.3.0.0)
  - MintegralAdSDK/All (7.7.3):
    - MintegralAdSDK/BannerAd
    - MintegralAdSDK/BidNativeAd
    - MintegralAdSDK/InterstitialVideoAd
    - MintegralAdSDK/NativeAd
    - MintegralAdSDK/NativeAdvancedAd
    - MintegralAdSDK/NewInterstitialAd
    - MintegralAdSDK/RewardVideoAd
    - MintegralAdSDK/SplashAd
  - MintegralAdSDK/BannerAd (7.7.3):
    - MintegralAdSDK/NativeAd
  - MintegralAdSDK/BidNativeAd (7.7.3):
    - MintegralAdSDK/NativeAd
  - MintegralAdSDK/InterstitialVideoAd (7.7.3):
    - MintegralAdSDK/NativeAd
  - MintegralAdSDK/NativeAd (7.7.3)
  - MintegralAdSDK/NativeAdvancedAd (7.7.3):
    - MintegralAdSDK/NativeAd
  - MintegralAdSDK/NewInterstitialAd (7.7.3):
    - MintegralAdSDK/InterstitialVideoAd
    - MintegralAdSDK/NativeAd
  - MintegralAdSDK/RewardVideoAd (7.7.3):
    - MintegralAdSDK/NativeAd
  - MintegralAdSDK/SplashAd (7.7.3):
    - MintegralAdSDK/NativeAd
  - OpenBiddingHelper (6.12.0):
    - BidmadSDK (< 6.13.0, >= 6.12.0)
  - OpenWrapHandlerDFP (4.0.0):
    - Google-Mobile-Ads-SDK (>= 8.12.0)
    - OpenWrapSDK (>= 3.0.0)
  - OpenWrapSDK (3.2.0):
    - OpenWrapSDK/OpenWrap (= 3.2.0)
  - OpenWrapSDK/OpenWrap (3.2.0)
  - TaboolaSDK (3.8.33)
  - TeadsSDK (5.2.0):
    - TeadsSDK/Core (= 5.2.0)
  - TeadsSDK/Core (5.2.0)
  - UnityAds (4.12.3)
  - VungleAds (7.4.1)

DEPENDENCIES:
  - BidmadAdFitAdapter (= 3.12.7.11.0)
  - BidmadAdmixerAdapter (= 2.0.0.11.0)
  - BidmadAppLovinAdapter (= 13.0.0.11.0)
  - BidmadFyberAdapter (= 8.3.2.11.0)
  - BidmadGoogleAdManagerAdapter (= 11.10.0.11.0)
  - BidmadGoogleAdMobAdapter (= 11.10.0.11.0)
  - BidmadMobwithAdapter (= 1.0.0.11.0)
  - BidmadORTBAdapter (= 1.0.0.11.0)
  - BidmadPangleAdapter (= 6.2.0.7.11.0)
  - BidmadPartners/AdMobBidding (= 1.0.6)
  - BidmadPubmaticAdapter (= 3.2.0.11.0)
  - BidmadSDK (= 6.12.0)
  - BidmadTaboolaAdapter (= 3.8.33.11.0)
  - BidmadTeadsAdapter (= 5.2.0.11.0)
  - BidmadUnityAdsAdapter (= 4.12.3.11.0)
  - BidmadVungleAdapter (= 7.4.1.11.0)
  - OpenBiddingHelper (= 6.12.0)

SPEC REPOS:
  trunk:
    - AdFitSDK
    - AdMixer
    - AdMixerMediation
    - Ads-Global
    - AppLovinSDK
    - BidmadAdFitAdapter
    - BidmadAdmixerAdapter
    - BidmadAppLovinAdapter
    - BidmadFyberAdapter
    - BidmadGoogleAdManagerAdapter
    - BidmadGoogleAdMobAdapter
    - BidmadMobwithAdapter
    - BidmadORTBAdapter
    - BidmadPangleAdapter
    - BidmadPartners
    - BidmadPubmaticAdapter
    - BidmadSDK
    - BidmadTaboolaAdapter
    - BidmadTeadsAdapter
    - BidmadUnityAdsAdapter
    - BidmadVungleAdapter
    - BURelyFoundation_Global
    - FBAudienceNetwork
    - Fyber_Marketplace_SDK
    - Google-Mobile-Ads-SDK
    - GoogleMobileAdsMediationAppLovin
    - GoogleMobileAdsMediationFacebook
    - GoogleMobileAdsMediationFyber
    - GoogleMobileAdsMediationIronSource
    - GoogleMobileAdsMediationMintegral
    - GoogleMobileAdsMediationPangle
    - GoogleMobileAdsMediationUnity
    - GoogleMobileAdsMediationVungle
    - GoogleUserMessagingPlatform
    - IronSourceSDK
    - MintegralAdSDK
    - OpenBiddingHelper
    - OpenWrapHandlerDFP
    - OpenWrapSDK
    - TaboolaSDK
    - TeadsSDK
    - UnityAds
    - VungleAds

SPEC CHECKSUMS:
  AdFitSDK: dc7a5a2ed6e432355d7429eed27c8f88d46da4cd
  AdMixer: 312e19073b96949bc521ee683b4bfbdc105c5962
  AdMixerMediation: 012889d7b7f2acbb4e031a1897cbf17a073cd1d7
  Ads-Global: 9cb739d414240518bf1fa63962e2ba65b3c39100
  AppLovinSDK: c0ecb434df24008b6ecdd7f1e5b8587bc45ff381
  BidmadAdFitAdapter: 97ac41b2fff27a3a40c871016afe6309e1db7ea8
  BidmadAdmixerAdapter: 13ee0b67ac7d27e91cdf66dcd4a02bbe82ab990f
  BidmadAppLovinAdapter: e43dfb2d4841a1d91bc71eb728b1f59fbc2fde5b
  BidmadFyberAdapter: 1f24dbbcc013528dd1c5b7d5690745af75d76de7
  BidmadGoogleAdManagerAdapter: 1a2de367597e1ad1184bde75e9fcf55a44e93071
  BidmadGoogleAdMobAdapter: 1a4cc4cc10f011e80d80e0f496de04b5d9320f97
  BidmadMobwithAdapter: 6d6dc48405f3e7b1f6ed55658303d5c68994f194
  BidmadORTBAdapter: 73204c56a8be961e69237b2288416fc3cd69f407
  BidmadPangleAdapter: 209db2faa00badd97a35e76094ebfbb1b5b81ac8
  BidmadPartners: a4f07c0dd7c03cb5470d2fe8774c84f716e1e4ce
  BidmadPubmaticAdapter: 8b651b012c58db5ea4619a7f91da0c4c705cf0af
  BidmadSDK: 1eec1730c591f6b23f75ecc91ffcba35ddf5003a
  BidmadTaboolaAdapter: cfae919ed3036d683b5c9fca2526d7a4b9c5f7c2
  BidmadTeadsAdapter: aec8b529bf67467583b4210da70eb16b8520cbf1
  BidmadUnityAdsAdapter: c08d81f5763a865b121886321e74122eac28c9cb
  BidmadVungleAdapter: bbd6e2b14c92e65c52613b5ef60dd7618c96454f
  BURelyFoundation_Global: 17faee76affe097bd20b422fe829f9f90ed10e25
  FBAudienceNetwork: 2457a89b45e2596241fd81b0c2fd8cb6f6053869
  Fyber_Marketplace_SDK: 215c2020efd507c0e97f40871e96a26918f8986e
  Google-Mobile-Ads-SDK: 13e6e98edfd78ad8d8a791edb927658cc260a56f
  GoogleMobileAdsMediationAppLovin: 3a85146acecde6d22d848a8be9cea58d9d146125
  GoogleMobileAdsMediationFacebook: 9308a6fea5d2a41a935119378a56b1b2e9624415
  GoogleMobileAdsMediationFyber: 27bfdc45cadb81aca037eb97015fdef7056f5e25
  GoogleMobileAdsMediationIronSource: 2639866e2b077f1e1ff10551676ec64bec09365f
  GoogleMobileAdsMediationMintegral: 23140cf05ff9ee869186459dc685bb1948ccbd16
  GoogleMobileAdsMediationPangle: a04ba879b9e0533878bddadbb2fcb79362bb3e82
  GoogleMobileAdsMediationUnity: 37423ff454b0ceecf120b20eaa47b440ad978967
  GoogleMobileAdsMediationVungle: de7413342154cf2bbd25b289ba2bb7932d20a5f4
  GoogleUserMessagingPlatform: dce302b8f1b84d6e945812ee7a15c3f65a102cbf
  IronSourceSDK: 2dbbc8b9d20cbc4a60901e07e0aa5f3bf6a15d9a
  MintegralAdSDK: 217cca20529055c8791c82985dd7a74864e49fd0
  OpenBiddingHelper: cd3877bd82150a27e3155d077f3b6cf075eae709
  OpenWrapHandlerDFP: 4bc2dc8a98f38a6747e91871531134ecfee71ddf
  OpenWrapSDK: 65e66abe3491e328c39eb16a695ae037ae47748e
  TaboolaSDK: 54ad07f7607ca37e0aaebcf032138f44abb31554
  TeadsSDK: 7355125b5a05f67ee9fcb982e8bc1df5211aa816
  UnityAds: 32596c2f76856d643b50d3da51c47a552b80d5a4
  VungleAds: 97140121d0b909891eb217d1c102a194601da607

PODFILE CHECKSUM: 622dc6812a91efe62f84adecda8f985d621249db

COCOAPODS: 1.16.2
